
Microsoft Visual Studio Solution File, Format Version 12.00
# Visual Studio 2012
Project("{8BC9CEB8-8B4A-11D0-8D11-00A0C91BC942}") = "OlyPack", "OlyPack.vcxproj", "{295A6326-CE86-4D5B-B2BE-44B5AE90A953}"
EndProject
Global
	GlobalSection(SolutionConfigurationPlatforms) = preSolution
		Debug|Win32 = Debug|Win32
		Release|Win32 = Release|Win32
	EndGlobalSection
	GlobalSection(ProjectConfigurationPlatforms) = postSolution
		{295A6326-CE86-4D5B-B2BE-44B5AE90A953}.Debug|Win32.ActiveCfg = Debug|Win32
		{295A6326-CE86-4D5B-B2BE-44B5AE90A953}.Debug|Win32.Build.0 = Debug|Win32
		{295A6326-CE86-4D5B-B2BE-44B5AE90A953}.Release|Win32.ActiveCfg = Release|Win32
		{295A6326-CE86-4D5B-B2BE-44B5AE90A953}.Release|Win32.Build.0 = Release|Win32
	EndGlobalSection
	GlobalSection(SolutionProperties) = preSolution
		HideSolutionNode = FALSE
	EndGlobalSection
EndGlobal
